
Microsoft Visual Studio Solution File, Format Version 12.00
# Visual Studio 14
VisualStudioVersion = 14.0.25420.1
MinimumVisualStudioVersion = 10.0.40219.1
Project("{FAE04EC0-301F-11D3-BF4B-00C04F79EFBC}") = "WizardAlgorithmForms", "WizardAlgorithmForms\WizardAlgorithmForms.csproj", "{09ABE2D7-093B-4835-8335-E7CAEAB72127}"
EndProject
Global
	GlobalSection(SolutionConfigurationPlatforms) = preSolution
		Debug|Any CPU = Debug|Any CPU
		Release|Any CPU = Release|Any CPU
	EndGlobalSection
	GlobalSection(ProjectConfigurationPlatforms) = postSolution
		{09ABE2D7-093B-4835-8335-E7CAEAB72127}.Debug|Any CPU.ActiveCfg = Debug|Any CPU
		{09ABE2D7-093B-4835-8335-E7CAEAB72127}.Debug|Any CPU.Build.0 = Debug|Any CPU
		{09ABE2D7-093B-4835-8335-E7CAEAB72127}.Release|Any CPU.ActiveCfg = Release|Any CPU
		{09ABE2D7-093B-4835-8335-E7CAEAB72127}.Release|Any CPU.Build.0 = Release|Any CPU
	EndGlobalSection
	GlobalSection(SolutionProperties) = preSolution
		HideSolutionNode = FALSE
	EndGlobalSection
EndGlobal
